{
  "name": "js-modules",
  "version": "1.0.0",
  "lockfileVersion": 1,
  "requires": true,
  "dependencies": {
    "cap-june-greet": {
      "version": "2.0.0",
      "resolved": "https://registry.npmjs.org/cap-june-greet/-/cap-june-greet-2.0.0.tgz",
      "integrity": "sha512-qKKNHAdeU0MAY/cXwIB+5GuX/XgM2eDXa0FEjUeScMM3JYLELGccHOJG4qxOdyILtyA0B7rdFw1o9YSazSd7pw=="
    }
  }
}
